
Microsoft Visual Studio Solution File, Format Version 12.00
# Visual Studio 15
VisualStudioVersion = 15.0.28307.902
MinimumVisualStudioVersion = 10.0.40219.1
Project("{FAE04EC0-301F-11D3-BF4B-00C04F79EFBC}") = "Exercitiul9", "Exercitiul9\Exercitiul9.csproj", "{ABDD2B7D-D52A-43E0-8C4C-A564C7597E74}"
EndProject
Global
	GlobalSection(SolutionConfigurationPlatforms) = preSolution
		Debug|Any CPU = Debug|Any CPU
		Release|Any CPU = Release|Any CPU
	EndGlobalSection
	GlobalSection(ProjectConfigurationPlatforms) = postSolution
		{ABDD2B7D-D52A-43E0-8C4C-A564C7597E74}.Debug|Any CPU.ActiveCfg = Debug|Any CPU
		{ABDD2B7D-D52A-43E0-8C4C-A564C7597E74}.Debug|Any CPU.Build.0 = Debug|Any CPU
		{ABDD2B7D-D52A-43E0-8C4C-A564C7597E74}.Release|Any CPU.ActiveCfg = Release|Any CPU
		{ABDD2B7D-D52A-43E0-8C4C-A564C7597E74}.Release|Any CPU.Build.0 = Release|Any CPU
	EndGlobalSection
	GlobalSection(SolutionProperties) = preSolution
		HideSolutionNode = FALSE
	EndGlobalSection
	GlobalSection(ExtensibilityGlobals) = postSolution
		SolutionGuid = {8F37F688-4C55-40A5-BBDF-5E93F6566E63}
	EndGlobalSection
EndGlobal
